
Microsoft Visual Studio Solution File, Format Version 12.00
# Visual Studio Version 16
VisualStudioVersion = 16.0.31205.134
MinimumVisualStudioVersion = 10.0.40219.1
Project("{FAE04EC0-301F-11D3-BF4B-00C04F79EFBC}") = "UnitTestBDCL1", "UnitTestBDCL1.csproj", "{F9F29556-ED92-49D1-9A06-62FAA7A9A924}"
EndProject
Global
	GlobalSection(SolutionConfigurationPlatforms) = preSolution
		Debug|Any CPU = Debug|Any CPU
		Release|Any CPU = Release|Any CPU
	EndGlobalSection
	GlobalSection(ProjectConfigurationPlatforms) = postSolution
		{F9F29556-ED92-49D1-9A06-62FAA7A9A924}.Debug|Any CPU.ActiveCfg = Debug|Any CPU
		{F9F29556-ED92-49D1-9A06-62FAA7A9A924}.Debug|Any CPU.Build.0 = Debug|Any CPU
		{F9F29556-ED92-49D1-9A06-62FAA7A9A924}.Release|Any CPU.ActiveCfg = Release|Any CPU
		{F9F29556-ED92-49D1-9A06-62FAA7A9A924}.Release|Any CPU.Build.0 = Release|Any CPU
	EndGlobalSection
	GlobalSection(SolutionProperties) = preSolution
		HideSolutionNode = FALSE
	EndGlobalSection
	GlobalSection(ExtensibilityGlobals) = postSolution
		SolutionGuid = {E3517BDA-AF11-4992-A9A3-0E6C06C80C5C}
	EndGlobalSection
EndGlobal
